// !$*UTF8*$!
{
	archiveVersion = 1;
	classes = {
	};
	objectVersion = 55;
	objects = {

/* Begin PBXBuildFile section */
		F650A10C27A27D730031B26C /* Color+Extension.swift in Sources */ = {isa = PBXBuildFile; fileRef = F650A10B27A27D730031B26C /* Color+Extension.swift */; };
		F650A10E27A280030031B26C /* UserView.swift in Sources */ = {isa = PBXBuildFile; fileRef = F650A10D27A280030031B26C /* UserView.swift */; };
		F650A11027A3561A0031B26C /* TodoEntity+Extension.swift in Sources */ = {isa = PBXBuildFile; fileRef = F650A10F27A356190031B26C /* TodoEntity+Extension.swift */; };
		F650A11227A362470031B26C /* CategoryView.swift in Sources */ = {isa = PBXBuildFile; fileRef = F650A11127A362470031B26C /* CategoryView.swift */; };
		F650A11727A441E10031B26C /* QuickNewTask.swift in Sources */ = {isa = PBXBuildFile; fileRef = F650A11627A441E10031B26C /* QuickNewTask.swift */; };
		F650A11927A675E20031B26C /* TodoList.swift in Sources */ = {isa = PBXBuildFile; fileRef = F650A11827A675E20031B26C /* TodoList.swift */; };
		F6524C1127AC91950053A8A0 /* TodoDetailRow.swift in Sources */ = {isa = PBXBuildFile; fileRef = F6524C1027AC91940053A8A0 /* TodoDetailRow.swift */; };
		F6524C1327B369A80053A8A0 /* NewTask.swift in Sources */ = {isa = PBXBuildFile; fileRef = F6524C1227B369A60053A8A0 /* NewTask.swift */; };
		F6524C1527B47D4B0053A8A0 /* Binding+Extension.swift in Sources */ = {isa = PBXBuildFile; fileRef = F6524C1427B47D4A0053A8A0 /* Binding+Extension.swift */; };
		F6524C1727B774800053A8A0 /* EditTask.swift in Sources */ = {isa = PBXBuildFile; fileRef = F6524C1627B7747E0053A8A0 /* EditTask.swift */; };
		F6524C1927B930620053A8A0 /* TaskToday.swift in Sources */ = {isa = PBXBuildFile; fileRef = F6524C1827B930620053A8A0 /* TaskToday.swift */; };
		F6A34A25279C182100405D90 /* TodoApp.swift in Sources */ = {isa = PBXBuildFile; fileRef = F6A34A24279C182100405D90 /* TodoApp.swift */; };
		F6A34A27279C182100405D90 /* ContentView.swift in Sources */ = {isa = PBXBuildFile; fileRef = F6A34A26279C182100405D90 /* ContentView.swift */; };
		F6A34A29279C182600405D90 /* Assets.xcassets in Resources */ = {isa = PBXBuildFile; fileRef = F6A34A28279C182600405D90 /* Assets.xcassets */; };
		F6A34A2C279C182600405D90 /* Preview Assets.xcassets in Resources */ = {isa = PBXBuildFile; fileRef = F6A34A2B279C182600405D90 /* Preview Assets.xcassets */; };
		F6A34A2E279C182600405D90 /* Persistence.swift in Sources */ = {isa = PBXBuildFile; fileRef = F6A34A2D279C182600405D90 /* Persistence.swift */; };
		F6A34A31279C182600405D90 /* Todo.xcdatamodeld in Sources */ = {isa = PBXBuildFile; fileRef = F6A34A2F279C182600405D90 /* Todo.xcdatamodeld */; };
		F6A34A38279C18F000405D90 /* CategoryImage.swift in Sources */ = {isa = PBXBuildFile; fileRef = F6A34A37279C18F000405D90 /* CategoryImage.swift */; };
		F6A34A3A279CF47B00405D90 /* CheckBox.swift in Sources */ = {isa = PBXBuildFile; fileRef = F6A34A39279CF47A00405D90 /* CheckBox.swift */; };
/* End PBXBuildFile section */

/* Begin PBXFileReference section */
		F650A10B27A27D730031B26C /* Color+Extension.swift */ = {isa = PBXFileReference; lastKnownFileType = sourcecode.swift; path = "Color+Extension.swift"; sourceTree = "<group>"; };
		F650A10D27A280030031B26C /* UserView.swift */ = {isa = PBXFileReference; lastKnownFileType = sourcecode.swift; path = UserView.swift; sourceTree = "<group>"; };
		F650A10F27A356190031B26C /* TodoEntity+Extension.swift */ = {isa = PBXFileReference; lastKnownFileType = sourcecode.swift; path = "TodoEntity+Extension.swift"; sourceTree = "<group>"; };
		F650A11127A362470031B26C /* CategoryView.swift */ = {isa = PBXFileReference; lastKnownFileType = sourcecode.swift; path = CategoryView.swift; sourceTree = "<group>"; };
		F650A11627A441E10031B26C /* QuickNewTask.swift */ = {isa = PBXFileReference; lastKnownFileType = sourcecode.swift; path = QuickNewTask.swift; sourceTree = "<group>"; };
		F650A11827A675E20031B26C /* TodoList.swift */ = {isa = PBXFileReference; lastKnownFileType = sourcecode.swift; path = TodoList.swift; sourceTree = "<group>"; };
		F6524C1027AC91940053A8A0 /* TodoDetailRow.swift */ = {isa = PBXFileReference; lastKnownFileType = sourcecode.swift; path = TodoDetailRow.swift; sourceTree = "<group>"; };
		F6524C1227B369A60053A8A0 /* NewTask.swift */ = {isa = PBXFileReference; lastKnownFileType = sourcecode.swift; path = NewTask.swift; sourceTree = "<group>"; };
		F6524C1427B47D4A0053A8A0 /* Binding+Extension.swift */ = {isa = PBXFileReference; lastKnownFileType = sourcecode.swift; path = "Binding+Extension.swift"; sourceTree = "<group>"; };
		F6524C1627B7747E0053A8A0 /* EditTask.swift */ = {isa = PBXFileReference; lastKnownFileType = sourcecode.swift; path = EditTask.swift; sourceTree = "<group>"; };
		F6524C1827B930620053A8A0 /* TaskToday.swift */ = {isa = PBXFileReference; lastKnownFileType = sourcecode.swift; path = TaskToday.swift; sourceTree = "<group>"; };
		F6A34A21279C182100405D90 /* Todo.app */ = {isa = PBXFileReference; explicitFileType = wrapper.application; includeInIndex = 0; path = Todo.app; sourceTree = BUILT_PRODUCTS_DIR; };
		F6A34A24279C182100405D90 /* TodoApp.swift */ = {isa = PBXFileReference; lastKnownFileType = sourcecode.swift; path = TodoApp.swift; sourceTree = "<group>"; };
		F6A34A26279C182100405D90 /* ContentView.swift */ = {isa = PBXFileReference; lastKnownFileType = sourcecode.swift; path = ContentView.swift; sourceTree = "<group>"; };
		F6A34A28279C182600405D90 /* Assets.xcassets */ = {isa = PBXFileReference; lastKnownFileType = folder.assetcatalog; path = Assets.xcassets; sourceTree = "<group>"; };
		F6A34A2B279C182600405D90 /* Preview Assets.xcassets */ = {isa = PBXFileReference; lastKnownFileType = folder.assetcatalog; path = "Preview Assets.xcassets"; sourceTree = "<group>"; };
		F6A34A2D279C182600405D90 /* Persistence.swift */ = {isa = PBXFileReference; lastKnownFileType = sourcecode.swift; path = Persistence.swift; sourceTree = "<group>"; };
		F6A34A30279C182600405D90 /* Todo.xcdatamodel */ = {isa = PBXFileReference; lastKnownFileType = wrapper.xcdatamodel; path = Todo.xcdatamodel; sourceTree = "<group>"; };
		F6A34A37279C18F000405D90 /* CategoryImage.swift */ = {isa = PBXFileReference; lastKnownFileType = sourcecode.swift; path = CategoryImage.swift; sourceTree = "<group>"; };
		F6A34A39279CF47A00405D90 /* CheckBox.swift */ = {isa = PBXFileReference; lastKnownFileType = sourcecode.swift; path = CheckBox.swift; sourceTree = "<group>"; };
/* End PBXFileReference section */

/* Begin PBXFrameworksBuildPhase section */
		F6A34A1E279C182100405D90 /* Frameworks */ = {
			isa = PBXFrameworksBuildPhase;
			buildActionMask = 2147483647;
			files = (
			);
			runOnlyForDeploymentPostprocessing = 0;
		};
/* End PBXFrameworksBuildPhase section */

/* Begin PBXGroup section */
		F650A10A27A27CE30031B26C /* Extension */ = {
			isa = PBXGroup;
			children = (
				F650A10B27A27D730031B26C /* Color+Extension.swift */,
				F650A10F27A356190031B26C /* TodoEntity+Extension.swift */,
				F6524C1427B47D4A0053A8A0 /* Binding+Extension.swift */,
			);
			path = Extension;
			sourceTree = "<group>";
		};
		F6A34A18279C182000405D90 = {
			isa = PBXGroup;
			children = (
				F6A34A23279C182100405D90 /* Todo */,
				F6A34A22279C182100405D90 /* Products */,
			);
			sourceTree = "<group>";
		};
		F6A34A22279C182100405D90 /* Products */ = {
			isa = PBXGroup;
			children = (
				F6A34A21279C182100405D90 /* Todo.app */,
			);
			name = Products;
			sourceTree = "<group>";
		};
		F6A34A23279C182100405D90 /* Todo */ = {
			isa = PBXGroup;
			children = (
				F650A10A27A27CE30031B26C /* Extension */,
				F6A34A24279C182100405D90 /* TodoApp.swift */,
				F6A34A26279C182100405D90 /* ContentView.swift */,
				F6A34A37279C18F000405D90 /* CategoryImage.swift */,
				F6A34A39279CF47A00405D90 /* CheckBox.swift */,
				F650A10D27A280030031B26C /* UserView.swift */,
				F650A11127A362470031B26C /* CategoryView.swift */,
				F650A11627A441E10031B26C /* QuickNewTask.swift */,
				F650A11827A675E20031B26C /* TodoList.swift */,
				F6524C1027AC91940053A8A0 /* TodoDetailRow.swift */,
				F6524C1227B369A60053A8A0 /* NewTask.swift */,
				F6524C1627B7747E0053A8A0 /* EditTask.swift */,
				F6524C1827B930620053A8A0 /* TaskToday.swift */,
				F6A34A28279C182600405D90 /* Assets.xcassets */,
				F6A34A2D279C182600405D90 /* Persistence.swift */,
				F6A34A2F279C182600405D90 /* Todo.xcdatamodeld */,
				F6A34A2A279C182600405D90 /* Preview Content */,
			);
			path = Todo;
			sourceTree = "<group>";
		};
		F6A34A2A279C182600405D90 /* Preview Content */ = {
			isa = PBXGroup;
			children = (
				F6A34A2B279C182600405D90 /* Preview Assets.xcassets */,
			);
			path = "Preview Content";
			sourceTree = "<group>";
		};
/* End PBXGroup section */

/* Begin PBXNativeTarget section */
		F6A34A20279C182100405D90 /* Todo */ = {
			isa = PBXNativeTarget;
			buildConfigurationList = F6A34A34279C182600405D90 /* Build configuration list for PBXNativeTarget "Todo" */;
			buildPhases = (
				F6A34A1D279C182100405D90 /* Sources */,
				F6A34A1E279C182100405D90 /* Frameworks */,
				F6A34A1F279C182100405D90 /* Resources */,
			);
			buildRules = (
			);
			dependencies = (
			);
			name = Todo;
			productName = Todo;
			productReference = F6A34A21279C182100405D90 /* Todo.app */;
			productType = "com.apple.product-type.application";
		};
/* End PBXNativeTarget section */

/* Begin PBXProject section */
		F6A34A19279C182000405D90 /* Project object */ = {
			isa = PBXProject;
			attributes = {
				BuildIndependentTargetsInParallel = 1;
				LastSwiftUpdateCheck = 1320;
				LastUpgradeCheck = 1320;
				TargetAttributes = {
					F6A34A20279C182100405D90 = {
						CreatedOnToolsVersion = 13.2.1;
					};
				};
			};
			buildConfigurationList = F6A34A1C279C182000405D90 /* Build configuration list for PBXProject "Todo" */;
			compatibilityVersion = "Xcode 13.0";
			developmentRegion = en;
			hasScannedForEncodings = 0;
			knownRegions = (
				en,
				Base,
			);
			mainGroup = F6A34A18279C182000405D90;
			productRefGroup = F6A34A22279C182100405D90 /* Products */;
			projectDirPath = "";
			projectRoot = "";
			targets = (
				F6A34A20279C182100405D90 /* Todo */,
			);
		};
/* End PBXProject section */

/* Begin PBXResourcesBuildPhase section */
		F6A34A1F279C182100405D90 /* Resources */ = {
			isa = PBXResourcesBuildPhase;
			buildActionMask = 2147483647;
			files = (
				F6A34A2C279C182600405D90 /* Preview Assets.xcassets in Resources */,
				F6A34A29279C182600405D90 /* Assets.xcassets in Resources */,
			);
			runOnlyForDeploymentPostprocessing = 0;
		};
/* End PBXResourcesBuildPhase section */

/* Begin PBXSourcesBuildPhase section */
		F6A34A1D279C182100405D90 /* Sources */ = {
			isa = PBXSourcesBuildPhase;
			buildActionMask = 2147483647;
			files = (
				F6A34A2E279C182600405D90 /* Persistence.swift in Sources */,
				F650A11727A441E10031B26C /* QuickNewTask.swift in Sources */,
				F6524C1727B774800053A8A0 /* EditTask.swift in Sources */,
				F650A10C27A27D730031B26C /* Color+Extension.swift in Sources */,
				F650A11927A675E20031B26C /* TodoList.swift in Sources */,
				F6524C1527B47D4B0053A8A0 /* Binding+Extension.swift in Sources */,
				F6A34A27279C182100405D90 /* ContentView.swift in Sources */,
				F6524C1927B930620053A8A0 /* TaskToday.swift in Sources */,
				F650A10E27A280030031B26C /* UserView.swift in Sources */,
				F650A11227A362470031B26C /* CategoryView.swift in Sources */,
				F6A34A3A279CF47B00405D90 /* CheckBox.swift in Sources */,
				F6A34A25279C182100405D90 /* TodoApp.swift in Sources */,
				F6524C1327B369A80053A8A0 /* NewTask.swift in Sources */,
				F6A34A38279C18F000405D90 /* CategoryImage.swift in Sources */,
				F6524C1127AC91950053A8A0 /* TodoDetailRow.swift in Sources */,
				F650A11027A3561A0031B26C /* TodoEntity+Extension.swift in Sources */,
				F6A34A31279C182600405D90 /* Todo.xcdatamodeld in Sources */,
			);
			runOnlyForDeploymentPostprocessing = 0;
		};
/* End PBXSourcesBuildPhase section */

/* Begin XCBuildConfiguration section */
		F6A34A32279C182600405D90 /* Debug */ = {
			isa = XCBuildConfiguration;
			buildSettings = {
				ALWAYS_SEARCH_USER_PATHS = NO;
				CLANG_ANALYZER_NONNULL = YES;
				CLANG_ANALYZER_NUMBER_OBJECT_CONVERSION = YES_AGGRESSIVE;
				CLANG_CXX_LANGUAGE_STANDARD = "gnu++17";
				CLANG_CXX_LIBRARY = "libc++";
				CLANG_ENABLE_MODULES = YES;
				CLANG_ENABLE_OBJC_ARC = YES;
				CLANG_ENABLE_OBJC_WEAK = YES;
				CLANG_WARN_BLOCK_CAPTURE_AUTORELEASING = YES;
				CLANG_WARN_BOOL_CONVERSION = YES;
				CLANG_WARN_COMMA = YES;
				CLANG_WARN_CONSTANT_CONVERSION = YES;
				CLANG_WARN_DEPRECATED_OBJC_IMPLEMENTATIONS = YES;
				CLANG_WARN_DIRECT_OBJC_ISA_USAGE = YES_ERROR;
				CLANG_WARN_DOCUMENTATION_COMMENTS = YES;
				CLANG_WARN_EMPTY_BODY = YES;
				CLANG_WARN_ENUM_CONVERSION = YES;
				CLANG_WARN_INFINITE_RECURSION = YES;
				CLANG_WARN_INT_CONVERSION = YES;
				CLANG_WARN_NON_LITERAL_NULL_CONVERSION = YES;
				CLANG_WARN_OBJC_IMPLICIT_RETAIN_SELF = YES;
				CLANG_WARN_OBJC_LITERAL_CONVERSION = YES;
				CLANG_WARN_OBJC_ROOT_CLASS = YES_ERROR;
				CLANG_WARN_QUOTED_INCLUDE_IN_FRAMEWORK_HEADER = YES;
				CLANG_WARN_RANGE_LOOP_ANALYSIS = YES;
				CLANG_WARN_STRICT_PROTOTYPES = YES;
				CLANG_WARN_SUSPICIOUS_MOVE = YES;
				CLANG_WARN_UNGUARDED_AVAILABILITY = YES_AGGRESSIVE;
				CLANG_WARN_UNREACHABLE_CODE = YES;
				CLANG_WARN__DUPLICATE_METHOD_MATCH = YES;
				COPY_PHASE_STRIP = NO;
				DEBUG_INFORMATION_FORMAT = dwarf;
				ENABLE_STRICT_OBJC_MSGSEND = YES;
				ENABLE_TESTABILITY = YES;
				GCC_C_LANGUAGE_STANDARD = gnu11;
				GCC_DYNAMIC_NO_PIC = NO;
				GCC_NO_COMMON_BLOCKS = YES;
				GCC_OPTIMIZATION_LEVEL = 0;
				GCC_PREPROCESSOR_DEFINITIONS = (
					"DEBUG=1",
					"$(inherited)",
				);
				GCC_WARN_64_TO_32_BIT_CONVERSION = YES;
				GCC_WARN_ABOUT_RETURN_TYPE = YES_ERROR;
				GCC_WARN_UNDECLARED_SELECTOR = YES;
				GCC_WARN_UNINITIALIZED_AUTOS = YES_AGGRESSIVE;
				GCC_WARN_UNUSED_FUNCTION = YES;
				GCC_WARN_UNUSED_VARIABLE = YES;
				IPHONEOS_DEPLOYMENT_TARGET = 15.2;
				MTL_ENABLE_DEBUG_INFO = INCLUDE_SOURCE;
				MTL_FAST_MATH = YES;
				ONLY_ACTIVE_ARCH = YES;
				SDKROOT = iphoneos;
				SWIFT_ACTIVE_COMPILATION_CONDITIONS = DEBUG;
				SWIFT_OPTIMIZATION_LEVEL = "-Onone";
			};
			name = Debug;
		};
		F6A34A33279C182600405D90 /* Release */ = {
			isa = XCBuildConfiguration;
			buildSettings = {
				ALWAYS_SEARCH_USER_PATHS = NO;
				CLANG_ANALYZER_NONNULL = YES;
				CLANG_ANALYZER_NUMBER_OBJECT_CONVERSION = YES_AGGRESSIVE;
				CLANG_CXX_LANGUAGE_STANDARD = "gnu++17";
				CLANG_CXX_LIBRARY = "libc++";
				CLANG_ENABLE_MODULES = YES;
				CLANG_ENABLE_OBJC_ARC = YES;
				CLANG_ENABLE_OBJC_WEAK = YES;
				CLANG_WARN_BLOCK_CAPTURE_AUTORELEASING = YES;
				CLANG_WARN_BOOL_CONVERSION = YES;
				CLANG_WARN_COMMA = YES;
				CLANG_WARN_CONSTANT_CONVERSION = YES;
				CLANG_WARN_DEPRECATED_OBJC_IMPLEMENTATIONS = YES;
				CLANG_WARN_DIRECT_OBJC_ISA_USAGE = YES_ERROR;
				CLANG_WARN_DOCUMENTATION_COMMENTS = YES;
				CLANG_WARN_EMPTY_BODY = YES;
				CLANG_WARN_ENUM_CONVERSION = YES;
				CLANG_WARN_INFINITE_RECURSION = YES;
				CLANG_WARN_INT_CONVERSION = YES;
				CLANG_WARN_NON_LITERAL_NULL_CONVERSION = YES;
				CLANG_WARN_OBJC_IMPLICIT_RETAIN_SELF = YES;
				CLANG_WARN_OBJC_LITERAL_CONVERSION = YES;
				CLANG_WARN_OBJC_ROOT_CLASS = YES_ERROR;
				CLANG_WARN_QUOTED_INCLUDE_IN_FRAMEWORK_HEADER = YES;
				CLANG_WARN_RANGE_LOOP_ANALYSIS = YES;
				CLANG_WARN_STRICT_PROTOTYPES = YES;
				CLANG_WARN_SUSPICIOUS_MOVE = YES;
				CLANG_WARN_UNGUARDED_AVAILABILITY = YES_AGGRESSIVE;
				CLANG_WARN_UNREACHABLE_CODE = YES;
				CLANG_WARN__DUPLICATE_METHOD_MATCH = YES;
				COPY_PHASE_STRIP = NO;
				DEBUG_INFORMATION_FORMAT = "dwarf-with-dsym";
				ENABLE_NS_ASSERTIONS = NO;
				ENABLE_STRICT_OBJC_MSGSEND = YES;
				GCC_C_LANGUAGE_STANDARD = gnu11;
				GCC_NO_COMMON_BLOCKS = YES;
				GCC_WARN_64_TO_32_BIT_CONVERSION = YES;
				GCC_WARN_ABOUT_RETURN_TYPE = YES_ERROR;
				GCC_WARN_UNDECLARED_SELECTOR = YES;
				GCC_WARN_UNINITIALIZED_AUTOS = YES_AGGRESSIVE;
				GCC_WARN_UNUSED_FUNCTION = YES;
				GCC_WARN_UNUSED_VARIABLE = YES;
				IPHONEOS_DEPLOYMENT_TARGET = 15.2;
				MTL_ENABLE_DEBUG_INFO = NO;
				MTL_FAST_MATH = YES;
				SDKROOT = iphoneos;
				SWIFT_COMPILATION_MODE = wholemodule;
				SWIFT_OPTIMIZATION_LEVEL = "-O";
				VALIDATE_PRODUCT = YES;
			};
			name = Release;
		};
		F6A34A35279C182600405D90 /* Debug */ = {
			isa = XCBuildConfiguration;
			buildSettings = {
				ASSETCATALOG_COMPILER_APPICON_NAME = AppIcon;
				ASSETCATALOG_COMPILER_GLOBAL_ACCENT_COLOR_NAME = AccentColor;
				CODE_SIGN_STYLE = Automatic;
				CURRENT_PROJECT_VERSION = 1;
				DEVELOPMENT_ASSET_PATHS = "\"Todo/Preview Content\"";
				DEVELOPMENT_TEAM = D6F7CPBH53;
				ENABLE_PREVIEWS = YES;
				GENERATE_INFOPLIST_FILE = YES;
				INFOPLIST_KEY_UIApplicationSceneManifest_Generation = YES;
				INFOPLIST_KEY_UIApplicationSupportsIndirectInputEvents = YES;
				INFOPLIST_KEY_UILaunchScreen_Generation = YES;
				INFOPLIST_KEY_UISupportedInterfaceOrientations = UIInterfaceOrientationPortrait;
				INFOPLIST_KEY_UISupportedInterfaceOrientations_iPad = "UIInterfaceOrientationPortrait UIInterfaceOrientationPortraitUpsideDown UIInterfaceOrientationLandscapeLeft UIInterfaceOrientationLandscapeRight";
				INFOPLIST_KEY_UISupportedInterfaceOrientations_iPhone = "UIInterfaceOrientationPortrait UIInterfaceOrientationLandscapeLeft UIInterfaceOrientationLandscapeRight";
				LD_RUNPATH_SEARCH_PATHS = (
					"$(inherited)",
					"@executable_path/Frameworks",
				);
				MARKETING_VERSION = 1.0;
				PRODUCT_BUNDLE_IDENTIFIER = com.example.Todo;
				PRODUCT_NAME = "$(TARGET_NAME)";
				SWIFT_EMIT_LOC_STRINGS = YES;
				SWIFT_VERSION = 5.0;
				TARGETED_DEVICE_FAMILY = "1,2";
			};
			name = Debug;
		};
		F6A34A36279C182600405D90 /* Release */ = {
			isa = XCBuildConfiguration;
			buildSettings = {
				ASSETCATALOG_COMPILER_APPICON_NAME = AppIcon;
				ASSETCATALOG_COMPILER_GLOBAL_ACCENT_COLOR_NAME = AccentColor;
				CODE_SIGN_STYLE = Automatic;
				CURRENT_PROJECT_VERSION = 1;
				DEVELOPMENT_ASSET_PATHS = "\"Todo/Preview Content\"";
				DEVELOPMENT_TEAM = D6F7CPBH53;
				ENABLE_PREVIEWS = YES;
				GENERATE_INFOPLIST_FILE = YES;
				INFOPLIST_KEY_UIApplicationSceneManifest_Generation = YES;
				INFOPLIST_KEY_UIApplicationSupportsIndirectInputEvents = YES;
				INFOPLIST_KEY_UILaunchScreen_Generation = YES;
				INFOPLIST_KEY_UISupportedInterfaceOrientations = UIInterfaceOrientationPortrait;
				INFOPLIST_KEY_UISupportedInterfaceOrientations_iPad = "UIInterfaceOrientationPortrait UIInterfaceOrientationPortraitUpsideDown UIInterfaceOrientationLandscapeLeft UIInterfaceOrientationLandscapeRight";
				INFOPLIST_KEY_UISupportedInterfaceOrientations_iPhone = "UIInterfaceOrientationPortrait UIInterfaceOrientationLandscapeLeft UIInterfaceOrientationLandscapeRight";
				LD_RUNPATH_SEARCH_PATHS = (
					"$(inherited)",
					"@executable_path/Frameworks",
				);
				MARKETING_VERSION = 1.0;
				PRODUCT_BUNDLE_IDENTIFIER = com.example.Todo;
				PRODUCT_NAME = "$(TARGET_NAME)";
				SWIFT_EMIT_LOC_STRINGS = YES;
				SWIFT_VERSION = 5.0;
				TARGETED_DEVICE_FAMILY = "1,2";
			};
			name = Release;
		};
/* End XCBuildConfiguration section */

/* Begin XCConfigurationList section */
		F6A34A1C279C182000405D90 /* Build configuration list for PBXProject "Todo" */ = {
			isa = XCConfigurationList;
			buildConfigurations = (
				F6A34A32279C182600405D90 /* Debug */,
				F6A34A33279C182600405D90 /* Release */,
			);
			defaultConfigurationIsVisible = 0;
			defaultConfigurationName = Release;
		};
		F6A34A34279C182600405D90 /* Build configuration list for PBXNativeTarget "Todo" */ = {
			isa = XCConfigurationList;
			buildConfigurations = (
				F6A34A35279C182600405D90 /* Debug */,
				F6A34A36279C182600405D90 /* Release */,
			);
			defaultConfigurationIsVisible = 0;
			defaultConfigurationName = Release;
		};
/* End XCConfigurationList section */

/* Begin XCVersionGroup section */
		F6A34A2F279C182600405D90 /* Todo.xcdatamodeld */ = {
			isa = XCVersionGroup;
			children = (
				F6A34A30279C182600405D90 /* Todo.xcdatamodel */,
			);
			currentVersion = F6A34A30279C182600405D90 /* Todo.xcdatamodel */;
			path = Todo.xcdatamodeld;
			sourceTree = "<group>";
			versionGroupType = wrapper.xcdatamodel;
		};
/* End XCVersionGroup section */
	};
	rootObject = F6A34A19279C182000405D90 /* Project object */;
}
